
Microsoft Visual Studio Solution File, Format Version 12.00
# Visual Studio Version 16
VisualStudioVersion = 16.0.31613.86
MinimumVisualStudioVersion = 10.0.40219.1
Project("{2150E333-8FDC-42A3-9474-1A3956D46DE8}") = "src", "src", "{3F7B2306-551C-41DB-BBC5-A6A1F5A75587}"
EndProject
Project("{2150E333-8FDC-42A3-9474-1A3956D46DE8}") = "tests", "tests", "{828C6781-E5B9-48B9-AE7C-D1EDF4C7AB3F}"
EndProject
Project("{2150E333-8FDC-42A3-9474-1A3956D46DE8}") = "Acceptance", "Acceptance", "{07882AAD-E0E8-4789-8FE0-551072FCF19A}"
EndProject
Project("{9A19103F-16F7-4668-BE54-9A1E7A4F7556}") = "Test.Acceptance", "tests\Acceptance\Test.Acceptance.csproj", "{1520A62E-8138-4F45-8759-38E3F5ACCF67}"
EndProject
Project("{2150E333-8FDC-42A3-9474-1A3956D46DE8}") = "Shared", "Shared", "{9786A644-B714-4181-B2F5-17154A3CD8D5}"
EndProject
Project("{9A19103F-16F7-4668-BE54-9A1E7A4F7556}") = "Test.Shared", "tests\Shared\Test.Shared.csproj", "{6FA0E56B-1C03-48F9-97A3-430F03808C9F}"
EndProject
Project("{2150E333-8FDC-42A3-9474-1A3956D46DE8}") = "Integration", "Integration", "{918C1175-D1B4-4919-BAD6-F1EF28C8B9A0}"
EndProject
Project("{9A19103F-16F7-4668-BE54-9A1E7A4F7556}") = "Test.EndToEndIntegration", "tests\Integration\Test.EndToEndIntegration.csproj", "{9C83B636-C1E4-4AAC-98B2-525E42C68B82}"
EndProject
Project("{2150E333-8FDC-42A3-9474-1A3956D46DE8}") = "Controller", "Controller", "{A7EE23A3-E6D5-4B8E-AF10-87F5E7CE2C81}"
EndProject
Project("{9A19103F-16F7-4668-BE54-9A1E7A4F7556}") = "Test.Controller", "tests\Controller\Test.Controller.csproj", "{8AB87C8C-AEEE-4DA7-AEE2-F807F2C0A6EC}"
EndProject
Project("{2150E333-8FDC-42A3-9474-1A3956D46DE8}") = "Class", "Class", "{1E390528-5D38-4E76-B634-BEE73D429F99}"
EndProject
Project("{9A19103F-16F7-4668-BE54-9A1E7A4F7556}") = "Test.Class", "tests\Class\Test.Class.csproj", "{241DD474-47A5-42E2-9B76-41777C98AF36}"
EndProject
Project("{2150E333-8FDC-42A3-9474-1A3956D46DE8}") = "Domain", "Domain", "{855BA0C9-92D4-482B-8F26-8BDC64E8E2C3}"
EndProject
Project("{2150E333-8FDC-42A3-9474-1A3956D46DE8}") = "Service", "Service", "{AC95E850-257B-47B3-904B-067D3A8B2254}"
EndProject
Project("{9A19103F-16F7-4668-BE54-9A1E7A4F7556}") = "Movies.Domain", "src\Domain\Movies.Domain.csproj", "{801066C5-608A-417C-ADCB-A4AA7B25ED5A}"
EndProject
Project("{9A19103F-16F7-4668-BE54-9A1E7A4F7556}") = "Movies.Service", "src\Service\Movies.Service.csproj", "{0E7AE922-4D95-4856-B030-F0FC83BCE7C6}"
EndProject
Project("{2150E333-8FDC-42A3-9474-1A3956D46DE8}") = "Solution Items", "Solution Items", "{49677FBA-F8AC-4C39-A097-1D5BAE67B391}"
	ProjectSection(SolutionItems) = preProject
		.gitattributes = .gitattributes
		.gitignore = .gitignore
		docker-compose.yml = docker-compose.yml
		README.md = README.md
	EndProjectSection
EndProject
Global
	GlobalSection(SolutionConfigurationPlatforms) = preSolution
		Debug|Any CPU = Debug|Any CPU
		Release|Any CPU = Release|Any CPU
	EndGlobalSection
	GlobalSection(ProjectConfigurationPlatforms) = postSolution
		{1520A62E-8138-4F45-8759-38E3F5ACCF67}.Debug|Any CPU.ActiveCfg = Debug|Any CPU
		{1520A62E-8138-4F45-8759-38E3F5ACCF67}.Debug|Any CPU.Build.0 = Debug|Any CPU
		{1520A62E-8138-4F45-8759-38E3F5ACCF67}.Release|Any CPU.ActiveCfg = Release|Any CPU
		{1520A62E-8138-4F45-8759-38E3F5ACCF67}.Release|Any CPU.Build.0 = Release|Any CPU
		{6FA0E56B-1C03-48F9-97A3-430F03808C9F}.Debug|Any CPU.ActiveCfg = Debug|Any CPU
		{6FA0E56B-1C03-48F9-97A3-430F03808C9F}.Debug|Any CPU.Build.0 = Debug|Any CPU
		{6FA0E56B-1C03-48F9-97A3-430F03808C9F}.Release|Any CPU.ActiveCfg = Release|Any CPU
		{6FA0E56B-1C03-48F9-97A3-430F03808C9F}.Release|Any CPU.Build.0 = Release|Any CPU
		{9C83B636-C1E4-4AAC-98B2-525E42C68B82}.Debug|Any CPU.ActiveCfg = Debug|Any CPU
		{9C83B636-C1E4-4AAC-98B2-525E42C68B82}.Debug|Any CPU.Build.0 = Debug|Any CPU
		{9C83B636-C1E4-4AAC-98B2-525E42C68B82}.Release|Any CPU.ActiveCfg = Release|Any CPU
		{9C83B636-C1E4-4AAC-98B2-525E42C68B82}.Release|Any CPU.Build.0 = Release|Any CPU
		{8AB87C8C-AEEE-4DA7-AEE2-F807F2C0A6EC}.Debug|Any CPU.ActiveCfg = Debug|Any CPU
		{8AB87C8C-AEEE-4DA7-AEE2-F807F2C0A6EC}.Debug|Any CPU.Build.0 = Debug|Any CPU
		{8AB87C8C-AEEE-4DA7-AEE2-F807F2C0A6EC}.Release|Any CPU.ActiveCfg = Release|Any CPU
		{8AB87C8C-AEEE-4DA7-AEE2-F807F2C0A6EC}.Release|Any CPU.Build.0 = Release|Any CPU
		{241DD474-47A5-42E2-9B76-41777C98AF36}.Debug|Any CPU.ActiveCfg = Debug|Any CPU
		{241DD474-47A5-42E2-9B76-41777C98AF36}.Debug|Any CPU.Build.0 = Debug|Any CPU
		{241DD474-47A5-42E2-9B76-41777C98AF36}.Release|Any CPU.ActiveCfg = Release|Any CPU
		{241DD474-47A5-42E2-9B76-41777C98AF36}.Release|Any CPU.Build.0 = Release|Any CPU
		{801066C5-608A-417C-ADCB-A4AA7B25ED5A}.Debug|Any CPU.ActiveCfg = Debug|Any CPU
		{801066C5-608A-417C-ADCB-A4AA7B25ED5A}.Debug|Any CPU.Build.0 = Debug|Any CPU
		{801066C5-608A-417C-ADCB-A4AA7B25ED5A}.Release|Any CPU.ActiveCfg = Release|Any CPU
		{801066C5-608A-417C-ADCB-A4AA7B25ED5A}.Release|Any CPU.Build.0 = Release|Any CPU
		{0E7AE922-4D95-4856-B030-F0FC83BCE7C6}.Debug|Any CPU.ActiveCfg = Debug|Any CPU
		{0E7AE922-4D95-4856-B030-F0FC83BCE7C6}.Debug|Any CPU.Build.0 = Debug|Any CPU
		{0E7AE922-4D95-4856-B030-F0FC83BCE7C6}.Release|Any CPU.ActiveCfg = Release|Any CPU
		{0E7AE922-4D95-4856-B030-F0FC83BCE7C6}.Release|Any CPU.Build.0 = Release|Any CPU
	EndGlobalSection
	GlobalSection(SolutionProperties) = preSolution
		HideSolutionNode = FALSE
	EndGlobalSection
	GlobalSection(NestedProjects) = preSolution
		{07882AAD-E0E8-4789-8FE0-551072FCF19A} = {828C6781-E5B9-48B9-AE7C-D1EDF4C7AB3F}
		{1520A62E-8138-4F45-8759-38E3F5ACCF67} = {07882AAD-E0E8-4789-8FE0-551072FCF19A}
		{9786A644-B714-4181-B2F5-17154A3CD8D5} = {828C6781-E5B9-48B9-AE7C-D1EDF4C7AB3F}
		{6FA0E56B-1C03-48F9-97A3-430F03808C9F} = {9786A644-B714-4181-B2F5-17154A3CD8D5}
		{918C1175-D1B4-4919-BAD6-F1EF28C8B9A0} = {828C6781-E5B9-48B9-AE7C-D1EDF4C7AB3F}
		{9C83B636-C1E4-4AAC-98B2-525E42C68B82} = {918C1175-D1B4-4919-BAD6-F1EF28C8B9A0}
		{A7EE23A3-E6D5-4B8E-AF10-87F5E7CE2C81} = {828C6781-E5B9-48B9-AE7C-D1EDF4C7AB3F}
		{8AB87C8C-AEEE-4DA7-AEE2-F807F2C0A6EC} = {A7EE23A3-E6D5-4B8E-AF10-87F5E7CE2C81}
		{1E390528-5D38-4E76-B634-BEE73D429F99} = {828C6781-E5B9-48B9-AE7C-D1EDF4C7AB3F}
		{241DD474-47A5-42E2-9B76-41777C98AF36} = {1E390528-5D38-4E76-B634-BEE73D429F99}
		{855BA0C9-92D4-482B-8F26-8BDC64E8E2C3} = {3F7B2306-551C-41DB-BBC5-A6A1F5A75587}
		{AC95E850-257B-47B3-904B-067D3A8B2254} = {3F7B2306-551C-41DB-BBC5-A6A1F5A75587}
		{801066C5-608A-417C-ADCB-A4AA7B25ED5A} = {855BA0C9-92D4-482B-8F26-8BDC64E8E2C3}
		{0E7AE922-4D95-4856-B030-F0FC83BCE7C6} = {AC95E850-257B-47B3-904B-067D3A8B2254}
	EndGlobalSection
	GlobalSection(ExtensibilityGlobals) = postSolution
		SolutionGuid = {ED209D39-39AD-4575-BEE1-5B2BAC4E6D7E}
	EndGlobalSection
EndGlobal
